
Microsoft Visual Studio Solution File, Format Version 12.00
# Visual Studio Version 17
VisualStudioVersion = 17.9.34616.47
MinimumVisualStudioVersion = 10.0.40219.1
Project("{9A19103F-16F7-4668-BE54-9A1E7A4F7556}") = "Core.Persistence", "Core.Persistence\Core.Persistence.csproj", "{DF82EDB9-A905-475F-8FCC-E88E0D1D406E}"
EndProject
Project("{9A19103F-16F7-4668-BE54-9A1E7A4F7556}") = "Core.Application", "Core.Application\Core.Application.csproj", "{0F6195CD-9183-49D1-838D-4CEF7D1289BE}"
EndProject
Project("{FAE04EC0-301F-11D3-BF4B-00C04F79EFBC}") = "Core.CrossCuttingConcerns", "Core.CrossCuttingConcerns\Core.CrossCuttingConcerns.csproj", "{1160B4F1-1582-4698-8713-1A5D687D5012}"
EndProject
Global
	GlobalSection(SolutionConfigurationPlatforms) = preSolution
		Debug|Any CPU = Debug|Any CPU
		Release|Any CPU = Release|Any CPU
	EndGlobalSection
	GlobalSection(ProjectConfigurationPlatforms) = postSolution
		{DF82EDB9-A905-475F-8FCC-E88E0D1D406E}.Debug|Any CPU.ActiveCfg = Debug|Any CPU
		{DF82EDB9-A905-475F-8FCC-E88E0D1D406E}.Debug|Any CPU.Build.0 = Debug|Any CPU
		{DF82EDB9-A905-475F-8FCC-E88E0D1D406E}.Release|Any CPU.ActiveCfg = Release|Any CPU
		{DF82EDB9-A905-475F-8FCC-E88E0D1D406E}.Release|Any CPU.Build.0 = Release|Any CPU
		{0F6195CD-9183-49D1-838D-4CEF7D1289BE}.Debug|Any CPU.ActiveCfg = Debug|Any CPU
		{0F6195CD-9183-49D1-838D-4CEF7D1289BE}.Debug|Any CPU.Build.0 = Debug|Any CPU
		{0F6195CD-9183-49D1-838D-4CEF7D1289BE}.Release|Any CPU.ActiveCfg = Release|Any CPU
		{0F6195CD-9183-49D1-838D-4CEF7D1289BE}.Release|Any CPU.Build.0 = Release|Any CPU
		{1160B4F1-1582-4698-8713-1A5D687D5012}.Debug|Any CPU.ActiveCfg = Debug|Any CPU
		{1160B4F1-1582-4698-8713-1A5D687D5012}.Debug|Any CPU.Build.0 = Debug|Any CPU
		{1160B4F1-1582-4698-8713-1A5D687D5012}.Release|Any CPU.ActiveCfg = Release|Any CPU
		{1160B4F1-1582-4698-8713-1A5D687D5012}.Release|Any CPU.Build.0 = Release|Any CPU
	EndGlobalSection
	GlobalSection(SolutionProperties) = preSolution
		HideSolutionNode = FALSE
	EndGlobalSection
	GlobalSection(ExtensibilityGlobals) = postSolution
		SolutionGuid = {72300729-3C4D-4627-80F4-7E8D0892E371}
	EndGlobalSection
EndGlobal
